
Microsoft Visual Studio Solution File, Format Version 12.00
# Visual Studio Version 16
VisualStudioVersion = 16.0.31624.102
MinimumVisualStudioVersion = 10.0.40219.1
Project("{9A19103F-16F7-4668-BE54-9A1E7A4F7556}") = "Asp_MVC_visuel", "Asp_MVC_visuel\Asp_MVC_visuel.csproj", "{1885E99E-775A-4152-952C-B345DF338DB8}"
EndProject
Project("{9A19103F-16F7-4668-BE54-9A1E7A4F7556}") = "BLL", "BLL\BLL.csproj", "{24C61EAD-EBE0-4BB1-A656-A4519DD7711E}"
EndProject
Project("{9A19103F-16F7-4668-BE54-9A1E7A4F7556}") = "DAL", "DAL\DAL.csproj", "{2776ECAE-80C3-4FB8-93B2-1313765C9A16}"
EndProject
Project("{FAE04EC0-301F-11D3-BF4B-00C04F79EFBC}") = "Common", "Common\Common.csproj", "{13CB82FA-F307-4C47-92F6-EE0F1CD731EB}"
EndProject
Global
	GlobalSection(SolutionConfigurationPlatforms) = preSolution
		Debug|Any CPU = Debug|Any CPU
		Release|Any CPU = Release|Any CPU
	EndGlobalSection
	GlobalSection(ProjectConfigurationPlatforms) = postSolution
		{1885E99E-775A-4152-952C-B345DF338DB8}.Debug|Any CPU.ActiveCfg = Debug|Any CPU
		{1885E99E-775A-4152-952C-B345DF338DB8}.Debug|Any CPU.Build.0 = Debug|Any CPU
		{1885E99E-775A-4152-952C-B345DF338DB8}.Release|Any CPU.ActiveCfg = Release|Any CPU
		{1885E99E-775A-4152-952C-B345DF338DB8}.Release|Any CPU.Build.0 = Release|Any CPU
		{24C61EAD-EBE0-4BB1-A656-A4519DD7711E}.Debug|Any CPU.ActiveCfg = Debug|Any CPU
		{24C61EAD-EBE0-4BB1-A656-A4519DD7711E}.Debug|Any CPU.Build.0 = Debug|Any CPU
		{24C61EAD-EBE0-4BB1-A656-A4519DD7711E}.Release|Any CPU.ActiveCfg = Release|Any CPU
		{24C61EAD-EBE0-4BB1-A656-A4519DD7711E}.Release|Any CPU.Build.0 = Release|Any CPU
		{2776ECAE-80C3-4FB8-93B2-1313765C9A16}.Debug|Any CPU.ActiveCfg = Debug|Any CPU
		{2776ECAE-80C3-4FB8-93B2-1313765C9A16}.Debug|Any CPU.Build.0 = Debug|Any CPU
		{2776ECAE-80C3-4FB8-93B2-1313765C9A16}.Release|Any CPU.ActiveCfg = Release|Any CPU
		{2776ECAE-80C3-4FB8-93B2-1313765C9A16}.Release|Any CPU.Build.0 = Release|Any CPU
		{13CB82FA-F307-4C47-92F6-EE0F1CD731EB}.Debug|Any CPU.ActiveCfg = Debug|Any CPU
		{13CB82FA-F307-4C47-92F6-EE0F1CD731EB}.Debug|Any CPU.Build.0 = Debug|Any CPU
		{13CB82FA-F307-4C47-92F6-EE0F1CD731EB}.Release|Any CPU.ActiveCfg = Release|Any CPU
		{13CB82FA-F307-4C47-92F6-EE0F1CD731EB}.Release|Any CPU.Build.0 = Release|Any CPU
	EndGlobalSection
	GlobalSection(SolutionProperties) = preSolution
		HideSolutionNode = FALSE
	EndGlobalSection
	GlobalSection(ExtensibilityGlobals) = postSolution
		SolutionGuid = {D151ED3E-285E-406A-8EDD-21CBFEAB2397}
	EndGlobalSection
EndGlobal
